
Microsoft Visual Studio Solution File, Format Version 12.00
Project("{FAE04EC0-301F-11D3-BF4B-00C04F79EFBC}") = "SchoolManagement", "SchoolManagement\SchoolManagement.csproj", "{9CD1A5CA-DBFA-4822-BD7E-A80CD8BDAFAC}"
EndProject
Global
	GlobalSection(SolutionConfigurationPlatforms) = preSolution
		Debug|Any CPU = Debug|Any CPU
		Release|Any CPU = Release|Any CPU
	EndGlobalSection
	GlobalSection(ProjectConfigurationPlatforms) = postSolution
		{9CD1A5CA-DBFA-4822-BD7E-A80CD8BDAFAC}.Debug|Any CPU.ActiveCfg = Debug|Any CPU
		{9CD1A5CA-DBFA-4822-BD7E-A80CD8BDAFAC}.Debug|Any CPU.Build.0 = Debug|Any CPU
		{9CD1A5CA-DBFA-4822-BD7E-A80CD8BDAFAC}.Release|Any CPU.ActiveCfg = Release|Any CPU
		{9CD1A5CA-DBFA-4822-BD7E-A80CD8BDAFAC}.Release|Any CPU.Build.0 = Release|Any CPU
	EndGlobalSection
EndGlobal
